
Microsoft Visual Studio Solution File, Format Version 12.00
# Visual Studio Version 17
VisualStudioVersion = 17.8.34511.84
MinimumVisualStudioVersion = 10.0.40219.1
Project("{9A19103F-16F7-4668-BE54-9A1E7A4F7556}") = "VirtualArtGallery", "VirtualArtGallery.csproj", "{C478E4C4-F58F-47F3-8298-1A32507516EB}"
EndProject
Project("{FAE04EC0-301F-11D3-BF4B-00C04F79EFBC}") = "VirtualArtGalleryTest", "..\VirtualArtGalleryTest\VirtualArtGalleryTest.csproj", "{938A421C-C5FB-40BB-B5F4-F4CECE4653B6}"
EndProject
Global
	GlobalSection(SolutionConfigurationPlatforms) = preSolution
		Debug|Any CPU = Debug|Any CPU
		Release|Any CPU = Release|Any CPU
	EndGlobalSection
	GlobalSection(ProjectConfigurationPlatforms) = postSolution
		{C478E4C4-F58F-47F3-8298-1A32507516EB}.Debug|Any CPU.ActiveCfg = Debug|Any CPU
		{C478E4C4-F58F-47F3-8298-1A32507516EB}.Debug|Any CPU.Build.0 = Debug|Any CPU
		{C478E4C4-F58F-47F3-8298-1A32507516EB}.Release|Any CPU.ActiveCfg = Release|Any CPU
		{C478E4C4-F58F-47F3-8298-1A32507516EB}.Release|Any CPU.Build.0 = Release|Any CPU
		{938A421C-C5FB-40BB-B5F4-F4CECE4653B6}.Debug|Any CPU.ActiveCfg = Debug|Any CPU
		{938A421C-C5FB-40BB-B5F4-F4CECE4653B6}.Debug|Any CPU.Build.0 = Debug|Any CPU
		{938A421C-C5FB-40BB-B5F4-F4CECE4653B6}.Release|Any CPU.ActiveCfg = Release|Any CPU
		{938A421C-C5FB-40BB-B5F4-F4CECE4653B6}.Release|Any CPU.Build.0 = Release|Any CPU
	EndGlobalSection
	GlobalSection(SolutionProperties) = preSolution
		HideSolutionNode = FALSE
	EndGlobalSection
	GlobalSection(ExtensibilityGlobals) = postSolution
		SolutionGuid = {1CABC02F-F0CE-4627-AA08-01B0CBE3CC67}
	EndGlobalSection
EndGlobal
